
Microsoft Visual Studio Solution File, Format Version 12.00
# Visual Studio Version 16
VisualStudioVersion = 16.0.31313.79
MinimumVisualStudioVersion = 10.0.40219.1
Project("{9A19103F-16F7-4668-BE54-9A1E7A4F7556}") = "Pasticceria", "Pasticceria\Pasticceria.csproj", "{ADD95C0C-3FC0-462A-9579-54B11A869E2F}"
EndProject
Global
	GlobalSection(SolutionConfigurationPlatforms) = preSolution
		Debug|Any CPU = Debug|Any CPU
		Release|Any CPU = Release|Any CPU
	EndGlobalSection
	GlobalSection(ProjectConfigurationPlatforms) = postSolution
		{ADD95C0C-3FC0-462A-9579-54B11A869E2F}.Debug|Any CPU.ActiveCfg = Debug|Any CPU
		{ADD95C0C-3FC0-462A-9579-54B11A869E2F}.Debug|Any CPU.Build.0 = Debug|Any CPU
		{ADD95C0C-3FC0-462A-9579-54B11A869E2F}.Release|Any CPU.ActiveCfg = Release|Any CPU
		{ADD95C0C-3FC0-462A-9579-54B11A869E2F}.Release|Any CPU.Build.0 = Release|Any CPU
	EndGlobalSection
	GlobalSection(SolutionProperties) = preSolution
		HideSolutionNode = FALSE
	EndGlobalSection
	GlobalSection(ExtensibilityGlobals) = postSolution
		SolutionGuid = {53D2860E-F67E-4E61-A777-E782B456084B}
	EndGlobalSection
EndGlobal
